
Microsoft Visual Studio Solution File, Format Version 12.00
# Visual Studio Version 17
VisualStudioVersion = 17.1.32421.90
MinimumVisualStudioVersion = 10.0.40219.1
Project("{FAE04EC0-301F-11D3-BF4B-00C04F79EFBC}") = "zadanie 4", "zadanie 4\zadanie 4.csproj", "{E7A0D906-7E72-49DF-A7BB-AED472CD33BA}"
EndProject
Global
	GlobalSection(SolutionConfigurationPlatforms) = preSolution
		Debug|Any CPU = Debug|Any CPU
		Release|Any CPU = Release|Any CPU
	EndGlobalSection
	GlobalSection(ProjectConfigurationPlatforms) = postSolution
		{E7A0D906-7E72-49DF-A7BB-AED472CD33BA}.Debug|Any CPU.ActiveCfg = Debug|Any CPU
		{E7A0D906-7E72-49DF-A7BB-AED472CD33BA}.Debug|Any CPU.Build.0 = Debug|Any CPU
		{E7A0D906-7E72-49DF-A7BB-AED472CD33BA}.Release|Any CPU.ActiveCfg = Release|Any CPU
		{E7A0D906-7E72-49DF-A7BB-AED472CD33BA}.Release|Any CPU.Build.0 = Release|Any CPU
	EndGlobalSection
	GlobalSection(SolutionProperties) = preSolution
		HideSolutionNode = FALSE
	EndGlobalSection
	GlobalSection(ExtensibilityGlobals) = postSolution
		SolutionGuid = {BF38A2D4-F4B1-4391-846E-3791DB2A4BA6}
	EndGlobalSection
EndGlobal
