
Microsoft Visual Studio Solution File, Format Version 12.00
# Visual Studio Version 17
VisualStudioVersion = 17.1.32210.238
MinimumVisualStudioVersion = 10.0.40219.1
Project("{FAE04EC0-301F-11D3-BF4B-00C04F79EFBC}") = "Zadanie 3", "Zadanie 3\Zadanie 3.csproj", "{C3101F0B-2DEE-4E71-BF82-EBDA2B1B4EC4}"
EndProject
Global
	GlobalSection(SolutionConfigurationPlatforms) = preSolution
		Debug|Any CPU = Debug|Any CPU
		Release|Any CPU = Release|Any CPU
	EndGlobalSection
	GlobalSection(ProjectConfigurationPlatforms) = postSolution
		{C3101F0B-2DEE-4E71-BF82-EBDA2B1B4EC4}.Debug|Any CPU.ActiveCfg = Debug|Any CPU
		{C3101F0B-2DEE-4E71-BF82-EBDA2B1B4EC4}.Debug|Any CPU.Build.0 = Debug|Any CPU
		{C3101F0B-2DEE-4E71-BF82-EBDA2B1B4EC4}.Release|Any CPU.ActiveCfg = Release|Any CPU
		{C3101F0B-2DEE-4E71-BF82-EBDA2B1B4EC4}.Release|Any CPU.Build.0 = Release|Any CPU
	EndGlobalSection
	GlobalSection(SolutionProperties) = preSolution
		HideSolutionNode = FALSE
	EndGlobalSection
	GlobalSection(ExtensibilityGlobals) = postSolution
		SolutionGuid = {FAE72E28-886D-4116-BA5C-C7DF9DB76C97}
	EndGlobalSection
EndGlobal
